
Microsoft Visual Studio Solution File, Format Version 12.00
# Visual Studio 15
VisualStudioVersion = 15.0.28307.102
MinimumVisualStudioVersion = 10.0.40219.1
Project("{FAE04EC0-301F-11D3-BF4B-00C04F79EFBC}") = "ipCidrCheck", "ipCidrCheck\ipCidrCheck.csproj", "{9DDC2934-1658-4475-8A03-F3128524555B}"
EndProject
Global
	GlobalSection(SolutionConfigurationPlatforms) = preSolution
		Debug|Any CPU = Debug|Any CPU
		Release|Any CPU = Release|Any CPU
	EndGlobalSection
	GlobalSection(ProjectConfigurationPlatforms) = postSolution
		{9DDC2934-1658-4475-8A03-F3128524555B}.Debug|Any CPU.ActiveCfg = Debug|Any CPU
		{9DDC2934-1658-4475-8A03-F3128524555B}.Debug|Any CPU.Build.0 = Debug|Any CPU
		{9DDC2934-1658-4475-8A03-F3128524555B}.Release|Any CPU.ActiveCfg = Release|Any CPU
		{9DDC2934-1658-4475-8A03-F3128524555B}.Release|Any CPU.Build.0 = Release|Any CPU
	EndGlobalSection
	GlobalSection(SolutionProperties) = preSolution
		HideSolutionNode = FALSE
	EndGlobalSection
	GlobalSection(ExtensibilityGlobals) = postSolution
		SolutionGuid = {45FEAFCE-A197-479D-A032-B3BFF7AC3476}
	EndGlobalSection
EndGlobal
